
Microsoft Visual Studio Solution File, Format Version 12.00
# Visual Studio Version 16
VisualStudioVersion = 16.0.30021.99
MinimumVisualStudioVersion = 10.0.40219.1
Project("{9A19103F-16F7-4668-BE54-9A1E7A4F7556}") = "ScreenMonkey.Help", "ScreenMonkey.Help.csproj", "{71B4BEFA-24C9-43A8-B0F0-4FF78B14206E}"
EndProject
Global
	GlobalSection(SolutionConfigurationPlatforms) = preSolution
		Debug|Any CPU = Debug|Any CPU
		Release|Any CPU = Release|Any CPU
	EndGlobalSection
	GlobalSection(ProjectConfigurationPlatforms) = postSolution
		{71B4BEFA-24C9-43A8-B0F0-4FF78B14206E}.Debug|Any CPU.ActiveCfg = Debug|Any CPU
		{71B4BEFA-24C9-43A8-B0F0-4FF78B14206E}.Debug|Any CPU.Build.0 = Debug|Any CPU
		{71B4BEFA-24C9-43A8-B0F0-4FF78B14206E}.Release|Any CPU.ActiveCfg = Release|Any CPU
		{71B4BEFA-24C9-43A8-B0F0-4FF78B14206E}.Release|Any CPU.Build.0 = Release|Any CPU
	EndGlobalSection
	GlobalSection(SolutionProperties) = preSolution
		HideSolutionNode = FALSE
	EndGlobalSection
	GlobalSection(ExtensibilityGlobals) = postSolution
		SolutionGuid = {67392E83-6979-4074-A6C9-4C3E237343F7}
	EndGlobalSection
EndGlobal
